{
  "name": "rod-tux",
  "lockfileVersion": 3,
  "requires": true,
  "packages": {
    "": {
      "name": "rod-tux",
      "devDependencies": {
        "@shopify/cli": "^3.67.0"
      }
    },
    "node_modules/@ast-grep/napi": {
      "version": "0.33.0",
      "dev": true,
      "license": "MIT",
      "engines": {
        "node": ">= 10"
      },
      "optionalDependencies": {
        "@ast-grep/napi-darwin-arm64": "0.33.0",
        "@ast-grep/napi-darwin-x64": "0.33.0",
        "@ast-grep/napi-linux-arm64-gnu": "0.33.0",
        "@ast-grep/napi-linux-arm64-musl": "0.33.0",
        "@ast-grep/napi-linux-x64-gnu": "0.33.0",
        "@ast-grep/napi-linux-x64-musl": "0.33.0",
        "@ast-grep/napi-win32-arm64-msvc": "0.33.0",
        "@ast-grep/napi-win32-ia32-msvc": "0.33.0",
        "@ast-grep/napi-win32-x64-msvc": "0.33.0"
      }
    },
    "node_modules/@ast-grep/napi-darwin-arm64": {
      "version": "0.33.0",
      "resolved": "https://registry.npmjs.org/@ast-grep/napi-darwin-arm64/-/napi-darwin-arm64-0.33.0.tgz",
      "integrity": "sha512-FsBQiBNGbqeU6z2sjFgnV6MXuBa0wYUb4PViMnqsKLeWiO7kRii5crmXLCtdTD2hufXTG6Rll8X46AkYOAwGGQ==",
      "cpu": [
        "arm64"
      ],
      "dev": true,
      "license": "MIT",
      "optional": true,
      "os": [
        "darwin"
      ],
      "engines": {
        "node": ">= 10"
      }
    },
    "node_modules/@ast-grep/napi-darwin-x64": {
      "version": "0.33.0",
      "resolved": "https://registry.npmjs.org/@ast-grep/napi-darwin-x64/-/napi-darwin-x64-0.33.0.tgz",
      "integrity": "sha512-rWo1wG7fc7K20z9ExIeN6U4QqjHhoQSpBDDnmxKTR0nIwPfyMq338sS4sWZomutxprcZDtWrekxH1lXjNvfuiA==",
      "cpu": [
        "x64"
      ],
      "dev": true,
      "license": "MIT",
      "optional": true,
      "os": [
        "darwin"
      ],
      "engines": {
        "node": ">= 10"
      }
    },
    "node_modules/@ast-grep/napi-linux-arm64-gnu": {
      "version": "0.33.0",
      "resolved": "https://registry.npmjs.org/@ast-grep/napi-linux-arm64-gnu/-/napi-linux-arm64-gnu-0.33.0.tgz",
      "integrity": "sha512-3ZnA2k57kxfvLg4s9+6rHaCx1FbWt0EF8fumJMf5nwevu7GbVOOhCkzAetZe80FBgZuIOSR4IS2QMj9ZHI0UdQ==",
      "cpu": [
        "arm64"
      ],
      "dev": true,
      "license": "MIT",
      "optional": true,
      "os": [
        "linux"
      ],
      "engines": {
        "node": ">= 10"
      }
    },
    "node_modules/@ast-grep/napi-linux-arm64-musl": {
      "version": "0.33.0",
      "resolved": "https://registry.npmjs.org/@ast-grep/napi-linux-arm64-musl/-/napi-linux-arm64-musl-0.33.0.tgz",
      "integrity": "sha512-oUGZgCaVCijFgvC+X52ttgoWUqgrIsSVJZgn+1VBY3n4mpzcoYAghFomSUbRTBUL2ebvZweA33Klqks4okY61w==",
      "cpu": [
        "arm64"
      ],
      "dev": true,
      "license": "MIT",
      "optional": true,
      "os": [
        "linux"
      ],
      "engines": {
        "node": ">= 10"
      }
    },
    "node_modules/@ast-grep/napi-linux-x64-gnu": {
      "version": "0.33.0",
      "resolved": "https://registry.npmjs.org/@ast-grep/napi-linux-x64-gnu/-/napi-linux-x64-gnu-0.33.0.tgz",
      "integrity": "sha512-QTAkfxQSsOGRza0hnkeAgJDQqR00iDerRNq42dOGIzgF+Kse491By3UmBEMG4oCbv17yYcBBlknQkzKSKtigjw==",
      "cpu": [
        "x64"
      ],
      "dev": true,
      "license": "MIT",
      "optional": true,
      "os": [
        "linux"
      ],
      "engines": {
        "node": ">= 10"
      }
    },
    "node_modules/@ast-grep/napi-linux-x64-musl": {
      "version": "0.33.0",
      "resolved": "https://registry.npmjs.org/@ast-grep/napi-linux-x64-musl/-/napi-linux-x64-musl-0.33.0.tgz",
      "integrity": "sha512-PW6bZO7MyQsBNZv0idI/Ah6ak66T8LqZ21wBGjtQp9NDGViOtkLeu+eJJGaZjMqUdidKHKgmMKXksZHl2m8ulQ==",
      "cpu": [
        "x64"
      ],
      "dev": true,
      "license": "MIT",
      "optional": true,
      "os": [
        "linux"
      ],
      "engines": {
        "node": ">= 10"
      }
    },
    "node_modules/@ast-grep/napi-win32-arm64-msvc": {
      "version": "0.33.0",
      "resolved": "https://registry.npmjs.org/@ast-grep/napi-win32-arm64-msvc/-/napi-win32-arm64-msvc-0.33.0.tgz",
      "integrity": "sha512-ijmFQcFc32JOIQlSfnhDJpb3qFb2RhrRqfeY0EHHN1xRSGwZHfsHTSS66nKR2sREmxTIMgxXOtylKicbyyMVKA==",
      "cpu": [
        "arm64"
      ],
      "dev": true,
      "license": "MIT",
      "optional": true,
      "os": [
        "win32"
      ],
      "engines": {
        "node": ">= 10"
      }
    },
    "node_modules/@ast-grep/napi-win32-ia32-msvc": {
      "version": "0.33.0",
      "resolved": "https://registry.npmjs.org/@ast-grep/napi-win32-ia32-msvc/-/napi-win32-ia32-msvc-0.33.0.tgz",
      "integrity": "sha512-NNIb2VK3Z2BwKp0QJSw8gkhwOUp85SgTsxJ38p+wIUAA/KzAKCJOmyOaZ301qGHt4gL+jTHgTIvJJX+9eT/REg==",
      "cpu": [
        "ia32"
      ],
      "dev": true,
      "license": "MIT",
      "optional": true,
      "os": [
        "win32"
      ],
      "engines": {
        "node": ">= 10"
      }
    },
    "node_modules/@ast-grep/napi-win32-x64-msvc": {
      "version": "0.33.0",
      "cpu": [
        "x64"
      ],
      "dev": true,
      "license": "MIT",
      "optional": true,
      "os": [
        "win32"
      ],
      "engines": {
        "node": ">= 10"
      }
    },
    "node_modules/@esbuild/aix-ppc64": {
      "version": "0.27.2",
      "resolved": "https://registry.npmjs.org/@esbuild/aix-ppc64/-/aix-ppc64-0.27.2.tgz",
      "integrity": "sha512-GZMB+a0mOMZs4MpDbj8RJp4cw+w1WV5NYD6xzgvzUJ5Ek2jerwfO2eADyI6ExDSUED+1X8aMbegahsJi+8mgpw==",
      "cpu": [
        "ppc64"
      ],
      "dev": true,
      "license": "MIT",
      "optional": true,
      "os": [
        "aix"
      ],
      "engines": {
        "node": ">=18"
      }
    },
    "node_modules/@esbuild/android-arm": {
      "version": "0.27.2",
      "resolved": "https://registry.npmjs.org/@esbuild/android-arm/-/android-arm-0.27.2.tgz",
      "integrity": "sha512-DVNI8jlPa7Ujbr1yjU2PfUSRtAUZPG9I1RwW4F4xFB1Imiu2on0ADiI/c3td+KmDtVKNbi+nffGDQMfcIMkwIA==",
      "cpu": [
        "arm"
      ],
      "dev": true,
      "license": "MIT",
      "optional": true,
      "os": [
        "android"
      ],
      "engines": {
        "node": ">=18"
      }
    },
    "node_modules/@esbuild/android-arm64": {
      "version": "0.27.2",
      "resolved": "https://registry.npmjs.org/@esbuild/android-arm64/-/android-arm64-0.27.2.tgz",
      "integrity": "sha512-pvz8ZZ7ot/RBphf8fv60ljmaoydPU12VuXHImtAs0XhLLw+EXBi2BLe3OYSBslR4rryHvweW5gmkKFwTiFy6KA==",
      "cpu": [
        "arm64"
      ],
      "dev": true,
      "license": "MIT",
      "optional": true,
      "os": [
        "android"
      ],
      "engines": {
        "node": ">=18"
      }
    },
    "node_modules/@esbuild/android-x64": {
      "version": "0.27.2",
      "resolved": "https://registry.npmjs.org/@esbuild/android-x64/-/android-x64-0.27.2.tgz",
      "integrity": "sha512-z8Ank4Byh4TJJOh4wpz8g2vDy75zFL0TlZlkUkEwYXuPSgX8yzep596n6mT7905kA9uHZsf/o2OJZubl2l3M7A==",
      "cpu": [
        "x64"
      ],
      "dev": true,
      "license": "MIT",
      "optional": true,
      "os": [
        "android"
      ],
      "engines": {
        "node": ">=18"
      }
    },
    "node_modules/@esbuild/darwin-arm64": {
      "version": "0.27.2",
      "resolved": "https://registry.npmjs.org/@esbuild/darwin-arm64/-/darwin-arm64-0.27.2.tgz",
      "integrity": "sha512-davCD2Zc80nzDVRwXTcQP/28fiJbcOwvdolL0sOiOsbwBa72kegmVU0Wrh1MYrbuCL98Omp5dVhQFWRKR2ZAlg==",
      "cpu": [
        "arm64"
      ],
      "dev": true,
      "license": "MIT",
      "optional": true,
      "os": [
        "darwin"
      ],
      "engines": {
        "node": ">=18"
      }
    },
    "node_modules/@esbuild/darwin-x64": {
      "version": "0.27.2",
      "resolved": "https://registry.npmjs.org/@esbuild/darwin-x64/-/darwin-x64-0.27.2.tgz",
      "integrity": "sha512-ZxtijOmlQCBWGwbVmwOF/UCzuGIbUkqB1faQRf5akQmxRJ1ujusWsb3CVfk/9iZKr2L5SMU5wPBi1UWbvL+VQA==",
      "cpu": [
        "x64"
      ],
      "dev": true,
      "license": "MIT",
      "optional": true,
      "os": [
        "darwin"
      ],
      "engines": {
        "node": ">=18"
      }
    },
    "node_modules/@esbuild/freebsd-arm64": {
      "version": "0.27.2",
      "resolved": "https://registry.npmjs.org/@esbuild/freebsd-arm64/-/freebsd-arm64-0.27.2.tgz",
      "integrity": "sha512-lS/9CN+rgqQ9czogxlMcBMGd+l8Q3Nj1MFQwBZJyoEKI50XGxwuzznYdwcav6lpOGv5BqaZXqvBSiB/kJ5op+g==",
      "cpu": [
        "arm64"
      ],
      "dev": true,
      "license": "MIT",
      "optional": true,
      "os": [
        "freebsd"
      ],
      "engines": {
        "node": ">=18"
      }
    },
    "node_modules/@esbuild/freebsd-x64": {
      "version": "0.27.2",
      "resolved": "https://registry.npmjs.org/@esbuild/freebsd-x64/-/freebsd-x64-0.27.2.tgz",
      "integrity": "sha512-tAfqtNYb4YgPnJlEFu4c212HYjQWSO/w/h/lQaBK7RbwGIkBOuNKQI9tqWzx7Wtp7bTPaGC6MJvWI608P3wXYA==",
      "cpu": [
        "x64"
      ],
      "dev": true,
      "license": "MIT",
      "optional": true,
      "os": [
        "freebsd"
      ],
      "engines": {
        "node": ">=18"
      }
    },
    "node_modules/@esbuild/linux-arm": {
      "version": "0.27.2",
      "resolved": "https://registry.npmjs.org/@esbuild/linux-arm/-/linux-arm-0.27.2.tgz",
      "integrity": "sha512-vWfq4GaIMP9AIe4yj1ZUW18RDhx6EPQKjwe7n8BbIecFtCQG4CfHGaHuh7fdfq+y3LIA2vGS/o9ZBGVxIDi9hw==",
      "cpu": [
        "arm"
      ],
      "dev": true,
      "license": "MIT",
      "optional": true,
      "os": [
        "linux"
      ],
      "engines": {
        "node": ">=18"
      }
    },
    "node_modules/@esbuild/linux-arm64": {
      "version": "0.27.2",
      "resolved": "https://registry.npmjs.org/@esbuild/linux-arm64/-/linux-arm64-0.27.2.tgz",
      "integrity": "sha512-hYxN8pr66NsCCiRFkHUAsxylNOcAQaxSSkHMMjcpx0si13t1LHFphxJZUiGwojB1a/Hd5OiPIqDdXONia6bhTw==",
      "cpu": [
        "arm64"
      ],
      "dev": true,
      "license": "MIT",
      "optional": true,
      "os": [
        "linux"
      ],
      "engines": {
        "node": ">=18"
      }
    },
    "node_modules/@esbuild/linux-ia32": {
      "version": "0.27.2",
      "resolved": "https://registry.npmjs.org/@esbuild/linux-ia32/-/linux-ia32-0.27.2.tgz",
      "integrity": "sha512-MJt5BRRSScPDwG2hLelYhAAKh9imjHK5+NE/tvnRLbIqUWa+0E9N4WNMjmp/kXXPHZGqPLxggwVhz7QP8CTR8w==",
      "cpu": [
        "ia32"
      ],
      "dev": true,
      "license": "MIT",
      "optional": true,
      "os": [
        "linux"
      ],
      "engines": {
        "node": ">=18"
      }
    },
    "node_modules/@esbuild/linux-loong64": {
      "version": "0.27.2",
      "resolved": "https://registry.npmjs.org/@esbuild/linux-loong64/-/linux-loong64-0.27.2.tgz",
      "integrity": "sha512-lugyF1atnAT463aO6KPshVCJK5NgRnU4yb3FUumyVz+cGvZbontBgzeGFO1nF+dPueHD367a2ZXe1NtUkAjOtg==",
      "cpu": [
        "loong64"
      ],
      "dev": true,
      "license": "MIT",
      "optional": true,
      "os": [
        "linux"
      ],
      "engines": {
        "node": ">=18"
      }
    },
    "node_modules/@esbuild/linux-mips64el": {
      "version": "0.27.2",
      "resolved": "https://registry.npmjs.org/@esbuild/linux-mips64el/-/linux-mips64el-0.27.2.tgz",
      "integrity": "sha512-nlP2I6ArEBewvJ2gjrrkESEZkB5mIoaTswuqNFRv/WYd+ATtUpe9Y09RnJvgvdag7he0OWgEZWhviS1OTOKixw==",
      "cpu": [
        "mips64el"
      ],
      "dev": true,
      "license": "MIT",
      "optional": true,
      "os": [
        "linux"
      ],
      "engines": {
        "node": ">=18"
      }
    },
    "node_modules/@esbuild/linux-ppc64": {
      "version": "0.27.2",
      "resolved": "https://registry.npmjs.org/@esbuild/linux-ppc64/-/linux-ppc64-0.27.2.tgz",
      "integrity": "sha512-C92gnpey7tUQONqg1n6dKVbx3vphKtTHJaNG2Ok9lGwbZil6DrfyecMsp9CrmXGQJmZ7iiVXvvZH6Ml5hL6XdQ==",
      "cpu": [
        "ppc64"
      ],
      "dev": true,
      "license": "MIT",
      "optional": true,
      "os": [
        "linux"
      ],
      "engines": {
        "node": ">=18"
      }
    },
    "node_modules/@esbuild/linux-riscv64": {
      "version": "0.27.2",
      "resolved": "https://registry.npmjs.org/@esbuild/linux-riscv64/-/linux-riscv64-0.27.2.tgz",
      "integrity": "sha512-B5BOmojNtUyN8AXlK0QJyvjEZkWwy/FKvakkTDCziX95AowLZKR6aCDhG7LeF7uMCXEJqwa8Bejz5LTPYm8AvA==",
      "cpu": [
        "riscv64"
      ],
      "dev": true,
      "license": "MIT",
      "optional": true,
      "os": [
        "linux"
      ],
      "engines": {
        "node": ">=18"
      }
    },
    "node_modules/@esbuild/linux-s390x": {
      "version": "0.27.2",
      "resolved": "https://registry.npmjs.org/@esbuild/linux-s390x/-/linux-s390x-0.27.2.tgz",
      "integrity": "sha512-p4bm9+wsPwup5Z8f4EpfN63qNagQ47Ua2znaqGH6bqLlmJ4bx97Y9JdqxgGZ6Y8xVTixUnEkoKSHcpRlDnNr5w==",
      "cpu": [
        "s390x"
      ],
      "dev": true,
      "license": "MIT",
      "optional": true,
      "os": [
        "linux"
      ],
      "engines": {
        "node": ">=18"
      }
    },
    "node_modules/@esbuild/linux-x64": {
      "version": "0.27.2",
      "resolved": "https://registry.npmjs.org/@esbuild/linux-x64/-/linux-x64-0.27.2.tgz",
      "integrity": "sha512-uwp2Tip5aPmH+NRUwTcfLb+W32WXjpFejTIOWZFw/v7/KnpCDKG66u4DLcurQpiYTiYwQ9B7KOeMJvLCu/OvbA==",
      "cpu": [
        "x64"
      ],
      "dev": true,
      "license": "MIT",
      "optional": true,
      "os": [
        "linux"
      ],
      "engines": {
        "node": ">=18"
      }
    },
    "node_modules/@esbuild/netbsd-arm64": {
      "version": "0.27.2",
      "resolved": "https://registry.npmjs.org/@esbuild/netbsd-arm64/-/netbsd-arm64-0.27.2.tgz",
      "integrity": "sha512-Kj6DiBlwXrPsCRDeRvGAUb/LNrBASrfqAIok+xB0LxK8CHqxZ037viF13ugfsIpePH93mX7xfJp97cyDuTZ3cw==",
      "cpu": [
        "arm64"
      ],
      "dev": true,
      "license": "MIT",
      "optional": true,
      "os": [
        "netbsd"
      ],
      "engines": {
        "node": ">=18"
      }
    },
    "node_modules/@esbuild/netbsd-x64": {
      "version": "0.27.2",
      "resolved": "https://registry.npmjs.org/@esbuild/netbsd-x64/-/netbsd-x64-0.27.2.tgz",
      "integrity": "sha512-HwGDZ0VLVBY3Y+Nw0JexZy9o/nUAWq9MlV7cahpaXKW6TOzfVno3y3/M8Ga8u8Yr7GldLOov27xiCnqRZf0tCA==",
      "cpu": [
        "x64"
      ],
      "dev": true,
      "license": "MIT",
      "optional": true,
      "os": [
        "netbsd"
      ],
      "engines": {
        "node": ">=18"
      }
    },
    "node_modules/@esbuild/openbsd-arm64": {
      "version": "0.27.2",
      "resolved": "https://registry.npmjs.org/@esbuild/openbsd-arm64/-/openbsd-arm64-0.27.2.tgz",
      "integrity": "sha512-DNIHH2BPQ5551A7oSHD0CKbwIA/Ox7+78/AWkbS5QoRzaqlev2uFayfSxq68EkonB+IKjiuxBFoV8ESJy8bOHA==",
      "cpu": [
        "arm64"
      ],
      "dev": true,
      "license": "MIT",
      "optional": true,
      "os": [
        "openbsd"
      ],
      "engines": {
        "node": ">=18"
      }
    },
    "node_modules/@esbuild/openbsd-x64": {
      "version": "0.27.2",
      "resolved": "https://registry.npmjs.org/@esbuild/openbsd-x64/-/openbsd-x64-0.27.2.tgz",
      "integrity": "sha512-/it7w9Nb7+0KFIzjalNJVR5bOzA9Vay+yIPLVHfIQYG/j+j9VTH84aNB8ExGKPU4AzfaEvN9/V4HV+F+vo8OEg==",
      "cpu": [
        "x64"
      ],
      "dev": true,
      "license": "MIT",
      "optional": true,
      "os": [
        "openbsd"
      ],
      "engines": {
        "node": ">=18"
      }
    },
    "node_modules/@esbuild/openharmony-arm64": {
      "version": "0.27.2",
      "resolved": "https://registry.npmjs.org/@esbuild/openharmony-arm64/-/openharmony-arm64-0.27.2.tgz",
      "integrity": "sha512-LRBbCmiU51IXfeXk59csuX/aSaToeG7w48nMwA6049Y4J4+VbWALAuXcs+qcD04rHDuSCSRKdmY63sruDS5qag==",
      "cpu": [
        "arm64"
      ],
      "dev": true,
      "license": "MIT",
      "optional": true,
      "os": [
        "openharmony"
      ],
      "engines": {
        "node": ">=18"
      }
    },
    "node_modules/@esbuild/sunos-x64": {
      "version": "0.27.2",
      "resolved": "https://registry.npmjs.org/@esbuild/sunos-x64/-/sunos-x64-0.27.2.tgz",
      "integrity": "sha512-kMtx1yqJHTmqaqHPAzKCAkDaKsffmXkPHThSfRwZGyuqyIeBvf08KSsYXl+abf5HDAPMJIPnbBfXvP2ZC2TfHg==",
      "cpu": [
        "x64"
      ],
      "dev": true,
      "license": "MIT",
      "optional": true,
      "os": [
        "sunos"
      ],
      "engines": {
        "node": ">=18"
      }
    },
    "node_modules/@esbuild/win32-arm64": {
      "version": "0.27.2",
      "resolved": "https://registry.npmjs.org/@esbuild/win32-arm64/-/win32-arm64-0.27.2.tgz",
      "integrity": "sha512-Yaf78O/B3Kkh+nKABUF++bvJv5Ijoy9AN1ww904rOXZFLWVc5OLOfL56W+C8F9xn5JQZa3UX6m+IktJnIb1Jjg==",
      "cpu": [
        "arm64"
      ],
      "dev": true,
      "license": "MIT",
      "optional": true,
      "os": [
        "win32"
      ],
      "engines": {
        "node": ">=18"
      }
    },
    "node_modules/@esbuild/win32-ia32": {
      "version": "0.27.2",
      "resolved": "https://registry.npmjs.org/@esbuild/win32-ia32/-/win32-ia32-0.27.2.tgz",
      "integrity": "sha512-Iuws0kxo4yusk7sw70Xa2E2imZU5HoixzxfGCdxwBdhiDgt9vX9VUCBhqcwY7/uh//78A1hMkkROMJq9l27oLQ==",
      "cpu": [
        "ia32"
      ],
      "dev": true,
      "license": "MIT",
      "optional": true,
      "os": [
        "win32"
      ],
      "engines": {
        "node": ">=18"
      }
    },
    "node_modules/@esbuild/win32-x64": {
      "version": "0.27.2",
      "cpu": [
        "x64"
      ],
      "dev": true,
      "license": "MIT",
      "optional": true,
      "os": [
        "win32"
      ],
      "engines": {
        "node": ">=18"
      }
    },
    "node_modules/@shopify/cli": {
      "version": "3.91.0",
      "dev": true,
      "license": "MIT",
      "os": [
        "darwin",
        "linux",
        "win32"
      ],
      "dependencies": {
        "@ast-grep/napi": "0.33.0",
        "esbuild": "0.27.2",
        "global-agent": "3.0.0"
      },
      "bin": {
        "shopify": "bin/run.js"
      },
      "engines": {
        "node": ">=20.10.0"
      }
    },
    "node_modules/boolean": {
      "version": "3.2.0",
      "dev": true,
      "license": "MIT"
    },
    "node_modules/define-data-property": {
      "version": "1.1.4",
      "dev": true,
      "license": "MIT",
      "dependencies": {
        "es-define-property": "^1.0.0",
        "es-errors": "^1.3.0",
        "gopd": "^1.0.1"
      },
      "engines": {
        "node": ">= 0.4"
      },
      "funding": {
        "url": "https://github.com/sponsors/ljharb"
      }
    },
    "node_modules/define-properties": {
      "version": "1.2.1",
      "dev": true,
      "license": "MIT",
      "dependencies": {
        "define-data-property": "^1.0.1",
        "has-property-descriptors": "^1.0.0",
        "object-keys": "^1.1.1"
      },
      "engines": {
        "node": ">= 0.4"
      },
      "funding": {
        "url": "https://github.com/sponsors/ljharb"
      }
    },
    "node_modules/detect-node": {
      "version": "2.1.0",
      "dev": true,
      "license": "MIT"
    },
    "node_modules/es-define-property": {
      "version": "1.0.1",
      "dev": true,
      "license": "MIT",
      "engines": {
        "node": ">= 0.4"
      }
    },
    "node_modules/es-errors": {
      "version": "1.3.0",
      "dev": true,
      "license": "MIT",
      "engines": {
        "node": ">= 0.4"
      }
    },
    "node_modules/es6-error": {
      "version": "4.1.1",
      "dev": true,
      "license": "MIT"
    },
    "node_modules/esbuild": {
      "version": "0.27.2",
      "dev": true,
      "hasInstallScript": true,
      "license": "MIT",
      "bin": {
        "esbuild": "bin/esbuild"
      },
      "engines": {
        "node": ">=18"
      },
      "optionalDependencies": {
        "@esbuild/aix-ppc64": "0.27.2",
        "@esbuild/android-arm": "0.27.2",
        "@esbuild/android-arm64": "0.27.2",
        "@esbuild/android-x64": "0.27.2",
        "@esbuild/darwin-arm64": "0.27.2",
        "@esbuild/darwin-x64": "0.27.2",
        "@esbuild/freebsd-arm64": "0.27.2",
        "@esbuild/freebsd-x64": "0.27.2",
        "@esbuild/linux-arm": "0.27.2",
        "@esbuild/linux-arm64": "0.27.2",
        "@esbuild/linux-ia32": "0.27.2",
        "@esbuild/linux-loong64": "0.27.2",
        "@esbuild/linux-mips64el": "0.27.2",
        "@esbuild/linux-ppc64": "0.27.2",
        "@esbuild/linux-riscv64": "0.27.2",
        "@esbuild/linux-s390x": "0.27.2",
        "@esbuild/linux-x64": "0.27.2",
        "@esbuild/netbsd-arm64": "0.27.2",
        "@esbuild/netbsd-x64": "0.27.2",
        "@esbuild/openbsd-arm64": "0.27.2",
        "@esbuild/openbsd-x64": "0.27.2",
        "@esbuild/openharmony-arm64": "0.27.2",
        "@esbuild/sunos-x64": "0.27.2",
        "@esbuild/win32-arm64": "0.27.2",
        "@esbuild/win32-ia32": "0.27.2",
        "@esbuild/win32-x64": "0.27.2"
      }
    },
    "node_modules/escape-string-regexp": {
      "version": "4.0.0",
      "dev": true,
      "license": "MIT",
      "engines": {
        "node": ">=10"
      },
      "funding": {
        "url": "https://github.com/sponsors/sindresorhus"
      }
    },
    "node_modules/global-agent": {
      "version": "3.0.0",
      "dev": true,
      "license": "BSD-3-Clause",
      "dependencies": {
        "boolean": "^3.0.1",
        "es6-error": "^4.1.1",
        "matcher": "^3.0.0",
        "roarr": "^2.15.3",
        "semver": "^7.3.2",
        "serialize-error": "^7.0.1"
      },
      "engines": {
        "node": ">=10.0"
      }
    },
    "node_modules/globalthis": {
      "version": "1.0.4",
      "dev": true,
      "license": "MIT",
      "dependencies": {
        "define-properties": "^1.2.1",
        "gopd": "^1.0.1"
      },
      "engines": {
        "node": ">= 0.4"
      },
      "funding": {
        "url": "https://github.com/sponsors/ljharb"
      }
    },
    "node_modules/gopd": {
      "version": "1.2.0",
      "dev": true,
      "license": "MIT",
      "engines": {
        "node": ">= 0.4"
      },
      "funding": {
        "url": "https://github.com/sponsors/ljharb"
      }
    },
    "node_modules/has-property-descriptors": {
      "version": "1.0.2",
      "dev": true,
      "license": "MIT",
      "dependencies": {
        "es-define-property": "^1.0.0"
      },
      "funding": {
        "url": "https://github.com/sponsors/ljharb"
      }
    },
    "node_modules/json-stringify-safe": {
      "version": "5.0.1",
      "dev": true,
      "license": "ISC"
    },
    "node_modules/matcher": {
      "version": "3.0.0",
      "dev": true,
      "license": "MIT",
      "dependencies": {
        "escape-string-regexp": "^4.0.0"
      },
      "engines": {
        "node": ">=10"
      }
    },
    "node_modules/object-keys": {
      "version": "1.1.1",
      "dev": true,
      "license": "MIT",
      "engines": {
        "node": ">= 0.4"
      }
    },
    "node_modules/roarr": {
      "version": "2.15.4",
      "dev": true,
      "license": "BSD-3-Clause",
      "dependencies": {
        "boolean": "^3.0.1",
        "detect-node": "^2.0.4",
        "globalthis": "^1.0.1",
        "json-stringify-safe": "^5.0.1",
        "semver-compare": "^1.0.0",
        "sprintf-js": "^1.1.2"
      },
      "engines": {
        "node": ">=8.0"
      }
    },
    "node_modules/semver": {
      "version": "7.7.4",
      "dev": true,
      "license": "ISC",
      "bin": {
        "semver": "bin/semver.js"
      },
      "engines": {
        "node": ">=10"
      }
    },
    "node_modules/semver-compare": {
      "version": "1.0.0",
      "dev": true,
      "license": "MIT"
    },
    "node_modules/serialize-error": {
      "version": "7.0.1",
      "dev": true,
      "license": "MIT",
      "dependencies": {
        "type-fest": "^0.13.1"
      },
      "engines": {
        "node": ">=10"
      },
      "funding": {
        "url": "https://github.com/sponsors/sindresorhus"
      }
    },
    "node_modules/sprintf-js": {
      "version": "1.1.3",
      "dev": true,
      "license": "BSD-3-Clause"
    },
    "node_modules/type-fest": {
      "version": "0.13.1",
      "dev": true,
      "license": "(MIT OR CC0-1.0)",
      "engines": {
        "node": ">=10"
      },
      "funding": {
        "url": "https://github.com/sponsors/sindresorhus"
      }
    }
  }
}
